// !$*UTF8*$!
{
	archiveVersion = 1;
	classes = {
	};
	objectVersion = 55;
	objects = {

/* Begin PBXBuildFile section */
		1C48B6032754CBEE003842F5 /* IQKeyboardManager.storyboard in Resources */ = {isa = PBXBuildFile; fileRef = 1C48B6022754CBEE003842F5 /* IQKeyboardManager.storyboard */; };
		1C48B6052754CCD8003842F5 /* IQKeyboardManagerViewController.swift in Sources */ = {isa = PBXBuildFile; fileRef = 1C48B6042754CCD8003842F5 /* IQKeyboardManagerViewController.swift */; };
		1C65D1EE27570C1800272D04 /* Kingfisher.storyboard in Resources */ = {isa = PBXBuildFile; fileRef = 1C65D1ED27570C1800272D04 /* Kingfisher.storyboard */; };
		1C67A3122760A8EE00C0AC6C /* SnapKit in Frameworks */ = {isa = PBXBuildFile; productRef = 1C67A3112760A8EE00C0AC6C /* SnapKit */; };
		1CD27D6E275DD3FD000413D7 /* Main.storyboard in Resources */ = {isa = PBXBuildFile; fileRef = 1CD27D6D275DD3FD000413D7 /* Main.storyboard */; };
		1CD27D70275DD5B5000413D7 /* 75779-check.json in Resources */ = {isa = PBXBuildFile; fileRef = 1CD27D6F275DD5B5000413D7 /* 75779-check.json */; };
		1CDD86D5275DC42900DAAEC1 /* ViewController.swift in Sources */ = {isa = PBXBuildFile; fileRef = 1CDD86D4275DC42900DAAEC1 /* ViewController.swift */; };
		1CDD86D7275DC42900DAAEC1 /* KingfisherViewController.swift in Sources */ = {isa = PBXBuildFile; fileRef = 1CDD86CD275DC42900DAAEC1 /* KingfisherViewController.swift */; };
		1CDD86D8275DC42900DAAEC1 /* AppDelegate.swift in Sources */ = {isa = PBXBuildFile; fileRef = 1CDD86CB275DC42900DAAEC1 /* AppDelegate.swift */; };
		1CDD86D9275DC42900DAAEC1 /* SceneDelegate.swift in Sources */ = {isa = PBXBuildFile; fileRef = 1CDD86D2275DC42900DAAEC1 /* SceneDelegate.swift */; };
		1CDD86DF275DC96400DAAEC1 /* LottieViewController.swift in Sources */ = {isa = PBXBuildFile; fileRef = 1CDD86DE275DC96400DAAEC1 /* LottieViewController.swift */; };
		1CDD86E1275DC96E00DAAEC1 /* Lottie.storyboard in Resources */ = {isa = PBXBuildFile; fileRef = 1CDD86E0275DC96E00DAAEC1 /* Lottie.storyboard */; };
		B31DBDA620E44EB9BFA3D45A /* Pods_PracticeLibraries.framework in Frameworks */ = {isa = PBXBuildFile; fileRef = DB925BB3DC61B12F0E8F54ED /* Pods_PracticeLibraries.framework */; };
/* End PBXBuildFile section */

/* Begin PBXContainerItemProxy section */
		1CDD86EB275DD02900DAAEC1 /* PBXContainerItemProxy */ = {
			isa = PBXContainerItemProxy;
			containerPortal = 1CDD86E4275DD02900DAAEC1 /* Pods.xcodeproj */;
			proxyType = 2;
			remoteGlobalIDString = A8E950A16D00F649C54FFB30F81D7842;
			remoteInfo = IQKeyboardManagerSwift;
		};
		1CDD86ED275DD02900DAAEC1 /* PBXContainerItemProxy */ = {
			isa = PBXContainerItemProxy;
			containerPortal = 1CDD86E4275DD02900DAAEC1 /* Pods.xcodeproj */;
			proxyType = 2;
			remoteGlobalIDString = C3F44C782D64D7EB20B61CE3844EBFAD;
			remoteInfo = Kingfisher;
		};
		1CDD86EF275DD02900DAAEC1 /* PBXContainerItemProxy */ = {
			isa = PBXContainerItemProxy;
			containerPortal = 1CDD86E4275DD02900DAAEC1 /* Pods.xcodeproj */;
			proxyType = 2;
			remoteGlobalIDString = 51BA97E8B5085EFFB47BC9C0B785CEA7;
			remoteInfo = "lottie-ios";
		};
		1CDD86F1275DD02900DAAEC1 /* PBXContainerItemProxy */ = {
			isa = PBXContainerItemProxy;
			containerPortal = 1CDD86E4275DD02900DAAEC1 /* Pods.xcodeproj */;
			proxyType = 2;
			remoteGlobalIDString = 0FFA3932074782DD42934FE0BE6035CE;
			remoteInfo = "Pods-PracticeLibraries";
		};
/* End PBXContainerItemProxy section */

/* Begin PBXFileReference section */
		1C48B5EB2754CAA0003842F5 /* PracticeLibraries.app */ = {isa = PBXFileReference; explicitFileType = wrapper.application; includeInIndex = 0; path = PracticeLibraries.app; sourceTree = BUILT_PRODUCTS_DIR; };
		1C48B6022754CBEE003842F5 /* IQKeyboardManager.storyboard */ = {isa = PBXFileReference; lastKnownFileType = file.storyboard; path = IQKeyboardManager.storyboard; sourceTree = "<group>"; };
		1C48B6042754CCD8003842F5 /* IQKeyboardManagerViewController.swift */ = {isa = PBXFileReference; lastKnownFileType = sourcecode.swift; path = IQKeyboardManagerViewController.swift; sourceTree = "<group>"; };
		1C65D1ED27570C1800272D04 /* Kingfisher.storyboard */ = {isa = PBXFileReference; lastKnownFileType = file.storyboard; path = Kingfisher.storyboard; sourceTree = "<group>"; };
		1CD27D6D275DD3FD000413D7 /* Main.storyboard */ = {isa = PBXFileReference; fileEncoding = 4; lastKnownFileType = file.storyboard; path = Main.storyboard; sourceTree = "<group>"; };
		1CD27D6F275DD5B5000413D7 /* 75779-check.json */ = {isa = PBXFileReference; fileEncoding = 4; lastKnownFileType = text.json; name = "75779-check.json"; path = "../../../../My Mac (todaryoumanoMBP)/Downloads/75779-check.json"; sourceTree = "<group>"; };
		1CDD86CA275DC42900DAAEC1 /* LaunchScreen.storyboard */ = {isa = PBXFileReference; lastKnownFileType = file.storyboard; path = LaunchScreen.storyboard; sourceTree = "<group>"; };
		1CDD86CB275DC42900DAAEC1 /* AppDelegate.swift */ = {isa = PBXFileReference; lastKnownFileType = sourcecode.swift; path = AppDelegate.swift; sourceTree = "<group>"; };
		1CDD86CD275DC42900DAAEC1 /* KingfisherViewController.swift */ = {isa = PBXFileReference; lastKnownFileType = sourcecode.swift; path = KingfisherViewController.swift; sourceTree = "<group>"; };
		1CDD86CE275DC42900DAAEC1 /* Assets.xcassets */ = {isa = PBXFileReference; lastKnownFileType = folder.assetcatalog; path = Assets.xcassets; sourceTree = "<group>"; };
		1CDD86CF275DC42900DAAEC1 /* Info.plist */ = {isa = PBXFileReference; lastKnownFileType = text.plist.xml; path = Info.plist; sourceTree = "<group>"; };
		1CDD86D2275DC42900DAAEC1 /* SceneDelegate.swift */ = {isa = PBXFileReference; lastKnownFileType = sourcecode.swift; path = SceneDelegate.swift; sourceTree = "<group>"; };
		1CDD86D4275DC42900DAAEC1 /* ViewController.swift */ = {isa = PBXFileReference; lastKnownFileType = sourcecode.swift; path = ViewController.swift; sourceTree = "<group>"; };
		1CDD86DE275DC96400DAAEC1 /* LottieViewController.swift */ = {isa = PBXFileReference; lastKnownFileType = sourcecode.swift; path = LottieViewController.swift; sourceTree = "<group>"; };
		1CDD86E0275DC96E00DAAEC1 /* Lottie.storyboard */ = {isa = PBXFileReference; lastKnownFileType = file.storyboard; path = Lottie.storyboard; sourceTree = "<group>"; };
		1CDD86E4275DD02900DAAEC1 /* Pods.xcodeproj */ = {isa = PBXFileReference; lastKnownFileType = "wrapper.pb-project"; path = Pods.xcodeproj; sourceTree = "<group>"; };
		3BB748974F1ECC60D72B7547 /* Pods-PracticeLibraries.debug.xcconfig */ = {isa = PBXFileReference; includeInIndex = 1; lastKnownFileType = text.xcconfig; name = "Pods-PracticeLibraries.debug.xcconfig"; path = "Target Support Files/Pods-PracticeLibraries/Pods-PracticeLibraries.debug.xcconfig"; sourceTree = "<group>"; };
		48358AF2572E3200C723C4F1 /* Pods-PracticeLibraries.release.xcconfig */ = {isa = PBXFileReference; includeInIndex = 1; lastKnownFileType = text.xcconfig; name = "Pods-PracticeLibraries.release.xcconfig"; path = "Target Support Files/Pods-PracticeLibraries/Pods-PracticeLibraries.release.xcconfig"; sourceTree = "<group>"; };
		DB925BB3DC61B12F0E8F54ED /* Pods_PracticeLibraries.framework */ = {isa = PBXFileReference; explicitFileType = wrapper.framework; includeInIndex = 0; path = Pods_PracticeLibraries.framework; sourceTree = BUILT_PRODUCTS_DIR; };
/* End PBXFileReference section */

/* Begin PBXFrameworksBuildPhase section */
		1C48B5E82754CAA0003842F5 /* Frameworks */ = {
			isa = PBXFrameworksBuildPhase;
			buildActionMask = 2147483647;
			files = (
				B31DBDA620E44EB9BFA3D45A /* Pods_PracticeLibraries.framework in Frameworks */,
				1C67A3122760A8EE00C0AC6C /* SnapKit in Frameworks */,
			);
			runOnlyForDeploymentPostprocessing = 0;
		};
/* End PBXFrameworksBuildPhase section */

/* Begin PBXGroup section */
		1C48B5E22754CAA0003842F5 = {
			isa = PBXGroup;
			children = (
				1C48B5ED2754CAA0003842F5 /* PracticeLibraries */,
				1C48B5EC2754CAA0003842F5 /* Products */,
				D268A005F7F35427A09B6D2A /* Pods */,
				3173DB0ACE43140B67D19501 /* Frameworks */,
			);
			sourceTree = "<group>";
		};
		1C48B5EC2754CAA0003842F5 /* Products */ = {
			isa = PBXGroup;
			children = (
				1C48B5EB2754CAA0003842F5 /* PracticeLibraries.app */,
			);
			name = Products;
			sourceTree = "<group>";
		};
		1C48B5ED2754CAA0003842F5 /* PracticeLibraries */ = {
			isa = PBXGroup;
			children = (
				1CDD86CB275DC42900DAAEC1 /* AppDelegate.swift */,
				1CDD86D2275DC42900DAAEC1 /* SceneDelegate.swift */,
				1CDD86CE275DC42900DAAEC1 /* Assets.xcassets */,
				1CDD86CF275DC42900DAAEC1 /* Info.plist */,
				1CD27D6F275DD5B5000413D7 /* 75779-check.json */,
				1CD27D6D275DD3FD000413D7 /* Main.storyboard */,
				1CDD86CA275DC42900DAAEC1 /* LaunchScreen.storyboard */,
				1CDD86D4275DC42900DAAEC1 /* ViewController.swift */,
				1CDD86DD275DC66300DAAEC1 /* Lottie */,
				1CDD86DA275DC45300DAAEC1 /* IQKeyboardManagerSwift */,
				1CDD86DB275DC47900DAAEC1 /* Kingfisher */,
			);
			path = PracticeLibraries;
			sourceTree = "<group>";
		};
		1CDD86DA275DC45300DAAEC1 /* IQKeyboardManagerSwift */ = {
			isa = PBXGroup;
			children = (
				1C48B6042754CCD8003842F5 /* IQKeyboardManagerViewController.swift */,
				1C48B6022754CBEE003842F5 /* IQKeyboardManager.storyboard */,
			);
			path = IQKeyboardManagerSwift;
			sourceTree = "<group>";
		};
		1CDD86DB275DC47900DAAEC1 /* Kingfisher */ = {
			isa = PBXGroup;
			children = (
				1CDD86CD275DC42900DAAEC1 /* KingfisherViewController.swift */,
				1C65D1ED27570C1800272D04 /* Kingfisher.storyboard */,
			);
			path = Kingfisher;
			sourceTree = "<group>";
		};
		1CDD86DD275DC66300DAAEC1 /* Lottie */ = {
			isa = PBXGroup;
			children = (
				1CDD86DE275DC96400DAAEC1 /* LottieViewController.swift */,
				1CDD86E0275DC96E00DAAEC1 /* Lottie.storyboard */,
			);
			path = Lottie;
			sourceTree = "<group>";
		};
		1CDD86E5275DD02900DAAEC1 /* Products */ = {
			isa = PBXGroup;
			children = (
				1CDD86EC275DD02900DAAEC1 /* IQKeyboardManagerSwift */,
				1CDD86EE275DD02900DAAEC1 /* Kingfisher */,
				1CDD86F0275DD02900DAAEC1 /* lottie-ios */,
				1CDD86F2275DD02900DAAEC1 /* Pods-PracticeLibraries */,
			);
			name = Products;
			sourceTree = "<group>";
		};
		3173DB0ACE43140B67D19501 /* Frameworks */ = {
			isa = PBXGroup;
			children = (
				DB925BB3DC61B12F0E8F54ED /* Pods_PracticeLibraries.framework */,
			);
			name = Frameworks;
			sourceTree = "<group>";
		};
		D268A005F7F35427A09B6D2A /* Pods */ = {
			isa = PBXGroup;
			children = (
				1CDD86E4275DD02900DAAEC1 /* Pods.xcodeproj */,
				3BB748974F1ECC60D72B7547 /* Pods-PracticeLibraries.debug.xcconfig */,
				48358AF2572E3200C723C4F1 /* Pods-PracticeLibraries.release.xcconfig */,
			);
			path = Pods;
			sourceTree = "<group>";
		};
/* End PBXGroup section */

/* Begin PBXNativeTarget section */
		1C48B5EA2754CAA0003842F5 /* PracticeLibraries */ = {
			isa = PBXNativeTarget;
			buildConfigurationList = 1C48B5FF2754CAA3003842F5 /* Build configuration list for PBXNativeTarget "PracticeLibraries" */;
			buildPhases = (
				8064FF6924C797105A4FBF3C /* [CP] Check Pods Manifest.lock */,
				1C48B5E72754CAA0003842F5 /* Sources */,
				1C48B5E82754CAA0003842F5 /* Frameworks */,
				1C48B5E92754CAA0003842F5 /* Resources */,
				2C7BF6E8B3EC613D5A2F13C2 /* [CP] Embed Pods Frameworks */,
			);
			buildRules = (
			);
			dependencies = (
			);
			name = PracticeLibraries;
			packageProductDependencies = (
				1C67A3112760A8EE00C0AC6C /* SnapKit */,
			);
			productName = PracticeLibraries;
			productReference = 1C48B5EB2754CAA0003842F5 /* PracticeLibraries.app */;
			productType = "com.apple.product-type.application";
		};
/* End PBXNativeTarget section */

/* Begin PBXProject section */
		1C48B5E32754CAA0003842F5 /* Project object */ = {
			isa = PBXProject;
			attributes = {
				BuildIndependentTargetsInParallel = 1;
				LastSwiftUpdateCheck = 1310;
				LastUpgradeCheck = 1310;
				TargetAttributes = {
					1C48B5EA2754CAA0003842F5 = {
						CreatedOnToolsVersion = 13.1;
					};
				};
			};
			buildConfigurationList = 1C48B5E62754CAA0003842F5 /* Build configuration list for PBXProject "PracticeLibraries" */;
			compatibilityVersion = "Xcode 13.0";
			developmentRegion = en;
			hasScannedForEncodings = 0;
			knownRegions = (
				en,
				Base,
			);
			mainGroup = 1C48B5E22754CAA0003842F5;
			packageReferences = (
				1C67A3102760A8EE00C0AC6C /* XCRemoteSwiftPackageReference "SnapKit" */,
			);
			productRefGroup = 1C48B5EC2754CAA0003842F5 /* Products */;
			projectDirPath = "";
			projectReferences = (
				{
					ProductGroup = 1CDD86E5275DD02900DAAEC1 /* Products */;
					ProjectRef = 1CDD86E4275DD02900DAAEC1 /* Pods.xcodeproj */;
				},
			);
			projectRoot = "";
			targets = (
				1C48B5EA2754CAA0003842F5 /* PracticeLibraries */,
			);
		};
/* End PBXProject section */

/* Begin PBXReferenceProxy section */
		1CDD86EC275DD02900DAAEC1 /* IQKeyboardManagerSwift */ = {
			isa = PBXReferenceProxy;
			fileType = wrapper.framework;
			name = IQKeyboardManagerSwift;
			path = IQKeyboardManagerSwift.framework;
			remoteRef = 1CDD86EB275DD02900DAAEC1 /* PBXContainerItemProxy */;
			sourceTree = BUILT_PRODUCTS_DIR;
		};
		1CDD86EE275DD02900DAAEC1 /* Kingfisher */ = {
			isa = PBXReferenceProxy;
			fileType = wrapper.framework;
			name = Kingfisher;
			path = Kingfisher.framework;
			remoteRef = 1CDD86ED275DD02900DAAEC1 /* PBXContainerItemProxy */;
			sourceTree = BUILT_PRODUCTS_DIR;
		};
		1CDD86F0275DD02900DAAEC1 /* lottie-ios */ = {
			isa = PBXReferenceProxy;
			fileType = wrapper.framework;
			name = "lottie-ios";
			path = Lottie.framework;
			remoteRef = 1CDD86EF275DD02900DAAEC1 /* PBXContainerItemProxy */;
			sourceTree = BUILT_PRODUCTS_DIR;
		};
		1CDD86F2275DD02900DAAEC1 /* Pods-PracticeLibraries */ = {
			isa = PBXReferenceProxy;
			fileType = wrapper.framework;
			name = "Pods-PracticeLibraries";
			path = Pods_PracticeLibraries.framework;
			remoteRef = 1CDD86F1275DD02900DAAEC1 /* PBXContainerItemProxy */;
			sourceTree = BUILT_PRODUCTS_DIR;
		};
/* End PBXReferenceProxy section */

/* Begin PBXResourcesBuildPhase section */
		1C48B5E92754CAA0003842F5 /* Resources */ = {
			isa = PBXResourcesBuildPhase;
			buildActionMask = 2147483647;
			files = (
				1C65D1EE27570C1800272D04 /* Kingfisher.storyboard in Resources */,
				1CDD86E1275DC96E00DAAEC1 /* Lottie.storyboard in Resources */,
				1C48B6032754CBEE003842F5 /* IQKeyboardManager.storyboard in Resources */,
				1CD27D70275DD5B5000413D7 /* 75779-check.json in Resources */,
				1CD27D6E275DD3FD000413D7 /* Main.storyboard in Resources */,
			);
			runOnlyForDeploymentPostprocessing = 0;
		};
/* End PBXResourcesBuildPhase section */

/* Begin PBXShellScriptBuildPhase section */
		2C7BF6E8B3EC613D5A2F13C2 /* [CP] Embed Pods Frameworks */ = {
			isa = PBXShellScriptBuildPhase;
			buildActionMask = 2147483647;
			files = (
			);
			inputFileListPaths = (
				"${PODS_ROOT}/Target Support Files/Pods-PracticeLibraries/Pods-PracticeLibraries-frameworks-${CONFIGURATION}-input-files.xcfilelist",
			);
			name = "[CP] Embed Pods Frameworks";
			outputFileListPaths = (
				"${PODS_ROOT}/Target Support Files/Pods-PracticeLibraries/Pods-PracticeLibraries-frameworks-${CONFIGURATION}-output-files.xcfilelist",
			);
			runOnlyForDeploymentPostprocessing = 0;
			shellPath = /bin/sh;
			shellScript = "\"${PODS_ROOT}/Target Support Files/Pods-PracticeLibraries/Pods-PracticeLibraries-frameworks.sh\"\n";
			showEnvVarsInLog = 0;
		};
		8064FF6924C797105A4FBF3C /* [CP] Check Pods Manifest.lock */ = {
			isa = PBXShellScriptBuildPhase;
			buildActionMask = 2147483647;
			files = (
			);
			inputFileListPaths = (
			);
			inputPaths = (
				"${PODS_PODFILE_DIR_PATH}/Podfile.lock",
				"${PODS_ROOT}/Manifest.lock",
			);
			name = "[CP] Check Pods Manifest.lock";
			outputFileListPaths = (
			);
			outputPaths = (
				"$(DERIVED_FILE_DIR)/Pods-PracticeLibraries-checkManifestLockResult.txt",
			);
			runOnlyForDeploymentPostprocessing = 0;
			shellPath = /bin/sh;
			shellScript = "diff \"${PODS_PODFILE_DIR_PATH}/Podfile.lock\" \"${PODS_ROOT}/Manifest.lock\" > /dev/null\nif [ $? != 0 ] ; then\n    # print error to STDERR\n    echo \"error: The sandbox is not in sync with the Podfile.lock. Run 'pod install' or update your CocoaPods installation.\" >&2\n    exit 1\nfi\n# This output is used by Xcode 'outputs' to avoid re-running this script phase.\necho \"SUCCESS\" > \"${SCRIPT_OUTPUT_FILE_0}\"\n";
			showEnvVarsInLog = 0;
		};
/* End PBXShellScriptBuildPhase section */

/* Begin PBXSourcesBuildPhase section */
		1C48B5E72754CAA0003842F5 /* Sources */ = {
			isa = PBXSourcesBuildPhase;
			buildActionMask = 2147483647;
			files = (
				1CDD86D5275DC42900DAAEC1 /* ViewController.swift in Sources */,
				1CDD86DF275DC96400DAAEC1 /* LottieViewController.swift in Sources */,
				1CDD86D7275DC42900DAAEC1 /* KingfisherViewController.swift in Sources */,
				1CDD86D8275DC42900DAAEC1 /* AppDelegate.swift in Sources */,
				1C48B6052754CCD8003842F5 /* IQKeyboardManagerViewController.swift in Sources */,
				1CDD86D9275DC42900DAAEC1 /* SceneDelegate.swift in Sources */,
			);
			runOnlyForDeploymentPostprocessing = 0;
		};
/* End PBXSourcesBuildPhase section */

/* Begin XCBuildConfiguration section */
		1C48B5FD2754CAA3003842F5 /* Debug */ = {
			isa = XCBuildConfiguration;
			buildSettings = {
				ALWAYS_SEARCH_USER_PATHS = NO;
				CLANG_ANALYZER_NONNULL = YES;
				CLANG_ANALYZER_NUMBER_OBJECT_CONVERSION = YES_AGGRESSIVE;
				CLANG_CXX_LANGUAGE_STANDARD = "gnu++17";
				CLANG_CXX_LIBRARY = "libc++";
				CLANG_ENABLE_MODULES = YES;
				CLANG_ENABLE_OBJC_ARC = YES;
				CLANG_ENABLE_OBJC_WEAK = YES;
				CLANG_WARN_BLOCK_CAPTURE_AUTORELEASING = YES;
				CLANG_WARN_BOOL_CONVERSION = YES;
				CLANG_WARN_COMMA = YES;
				CLANG_WARN_CONSTANT_CONVERSION = YES;
				CLANG_WARN_DEPRECATED_OBJC_IMPLEMENTATIONS = YES;
				CLANG_WARN_DIRECT_OBJC_ISA_USAGE = YES_ERROR;
				CLANG_WARN_DOCUMENTATION_COMMENTS = YES;
				CLANG_WARN_EMPTY_BODY = YES;
				CLANG_WARN_ENUM_CONVERSION = YES;
				CLANG_WARN_INFINITE_RECURSION = YES;
				CLANG_WARN_INT_CONVERSION = YES;
				CLANG_WARN_NON_LITERAL_NULL_CONVERSION = YES;
				CLANG_WARN_OBJC_IMPLICIT_RETAIN_SELF = YES;
				CLANG_WARN_OBJC_LITERAL_CONVERSION = YES;
				CLANG_WARN_OBJC_ROOT_CLASS = YES_ERROR;
				CLANG_WARN_QUOTED_INCLUDE_IN_FRAMEWORK_HEADER = YES;
				CLANG_WARN_RANGE_LOOP_ANALYSIS = YES;
				CLANG_WARN_STRICT_PROTOTYPES = YES;
				CLANG_WARN_SUSPICIOUS_MOVE = YES;
				CLANG_WARN_UNGUARDED_AVAILABILITY = YES_AGGRESSIVE;
				CLANG_WARN_UNREACHABLE_CODE = YES;
				CLANG_WARN__DUPLICATE_METHOD_MATCH = YES;
				COPY_PHASE_STRIP = NO;
				DEBUG_INFORMATION_FORMAT = dwarf;
				ENABLE_STRICT_OBJC_MSGSEND = YES;
				ENABLE_TESTABILITY = YES;
				GCC_C_LANGUAGE_STANDARD = gnu11;
				GCC_DYNAMIC_NO_PIC = NO;
				GCC_NO_COMMON_BLOCKS = YES;
				GCC_OPTIMIZATION_LEVEL = 0;
				GCC_PREPROCESSOR_DEFINITIONS = (
					"DEBUG=1",
					"$(inherited)",
				);
				GCC_WARN_64_TO_32_BIT_CONVERSION = YES;
				GCC_WARN_ABOUT_RETURN_TYPE = YES_ERROR;
				GCC_WARN_UNDECLARED_SELECTOR = YES;
				GCC_WARN_UNINITIALIZED_AUTOS = YES_AGGRESSIVE;
				GCC_WARN_UNUSED_FUNCTION = YES;
				GCC_WARN_UNUSED_VARIABLE = YES;
				IPHONEOS_DEPLOYMENT_TARGET = 15.0;
				MTL_ENABLE_DEBUG_INFO = INCLUDE_SOURCE;
				MTL_FAST_MATH = YES;
				ONLY_ACTIVE_ARCH = YES;
				SDKROOT = iphoneos;
				SWIFT_ACTIVE_COMPILATION_CONDITIONS = DEBUG;
				SWIFT_OPTIMIZATION_LEVEL = "-Onone";
			};
			name = Debug;
		};
		1C48B5FE2754CAA3003842F5 /* Release */ = {
			isa = XCBuildConfiguration;
			buildSettings = {
				ALWAYS_SEARCH_USER_PATHS = NO;
				CLANG_ANALYZER_NONNULL = YES;
				CLANG_ANALYZER_NUMBER_OBJECT_CONVERSION = YES_AGGRESSIVE;
				CLANG_CXX_LANGUAGE_STANDARD = "gnu++17";
				CLANG_CXX_LIBRARY = "libc++";
				CLANG_ENABLE_MODULES = YES;
				CLANG_ENABLE_OBJC_ARC = YES;
				CLANG_ENABLE_OBJC_WEAK = YES;
				CLANG_WARN_BLOCK_CAPTURE_AUTORELEASING = YES;
				CLANG_WARN_BOOL_CONVERSION = YES;
				CLANG_WARN_COMMA = YES;
				CLANG_WARN_CONSTANT_CONVERSION = YES;
				CLANG_WARN_DEPRECATED_OBJC_IMPLEMENTATIONS = YES;
				CLANG_WARN_DIRECT_OBJC_ISA_USAGE = YES_ERROR;
				CLANG_WARN_DOCUMENTATION_COMMENTS = YES;
				CLANG_WARN_EMPTY_BODY = YES;
				CLANG_WARN_ENUM_CONVERSION = YES;
				CLANG_WARN_INFINITE_RECURSION = YES;
				CLANG_WARN_INT_CONVERSION = YES;
				CLANG_WARN_NON_LITERAL_NULL_CONVERSION = YES;
				CLANG_WARN_OBJC_IMPLICIT_RETAIN_SELF = YES;
				CLANG_WARN_OBJC_LITERAL_CONVERSION = YES;
				CLANG_WARN_OBJC_ROOT_CLASS = YES_ERROR;
				CLANG_WARN_QUOTED_INCLUDE_IN_FRAMEWORK_HEADER = YES;
				CLANG_WARN_RANGE_LOOP_ANALYSIS = YES;
				CLANG_WARN_STRICT_PROTOTYPES = YES;
				CLANG_WARN_SUSPICIOUS_MOVE = YES;
				CLANG_WARN_UNGUARDED_AVAILABILITY = YES_AGGRESSIVE;
				CLANG_WARN_UNREACHABLE_CODE = YES;
				CLANG_WARN__DUPLICATE_METHOD_MATCH = YES;
				COPY_PHASE_STRIP = NO;
				DEBUG_INFORMATION_FORMAT = "dwarf-with-dsym";
				ENABLE_NS_ASSERTIONS = NO;
				ENABLE_STRICT_OBJC_MSGSEND = YES;
				GCC_C_LANGUAGE_STANDARD = gnu11;
				GCC_NO_COMMON_BLOCKS = YES;
				GCC_WARN_64_TO_32_BIT_CONVERSION = YES;
				GCC_WARN_ABOUT_RETURN_TYPE = YES_ERROR;
				GCC_WARN_UNDECLARED_SELECTOR = YES;
				GCC_WARN_UNINITIALIZED_AUTOS = YES_AGGRESSIVE;
				GCC_WARN_UNUSED_FUNCTION = YES;
				GCC_WARN_UNUSED_VARIABLE = YES;
				IPHONEOS_DEPLOYMENT_TARGET = 15.0;
				MTL_ENABLE_DEBUG_INFO = NO;
				MTL_FAST_MATH = YES;
				SDKROOT = iphoneos;
				SWIFT_COMPILATION_MODE = wholemodule;
				SWIFT_OPTIMIZATION_LEVEL = "-O";
				VALIDATE_PRODUCT = YES;
			};
			name = Release;
		};
		1C48B6002754CAA3003842F5 /* Debug */ = {
			isa = XCBuildConfiguration;
			baseConfigurationReference = 3BB748974F1ECC60D72B7547 /* Pods-PracticeLibraries.debug.xcconfig */;
			buildSettings = {
				ASSETCATALOG_COMPILER_APPICON_NAME = AppIcon;
				ASSETCATALOG_COMPILER_GLOBAL_ACCENT_COLOR_NAME = AccentColor;
				CODE_SIGN_STYLE = Automatic;
				CURRENT_PROJECT_VERSION = 1;
				DEVELOPMENT_TEAM = WY23RUM8JH;
				GENERATE_INFOPLIST_FILE = YES;
				INFOPLIST_FILE = PracticeLibraries/Info.plist;
				INFOPLIST_KEY_UIApplicationSupportsIndirectInputEvents = YES;
				INFOPLIST_KEY_UILaunchStoryboardName = LaunchScreen;
				INFOPLIST_KEY_UIMainStoryboardFile = Main;
				INFOPLIST_KEY_UISupportedInterfaceOrientations_iPad = "UIInterfaceOrientationPortrait UIInterfaceOrientationPortraitUpsideDown UIInterfaceOrientationLandscapeLeft UIInterfaceOrientationLandscapeRight";
				INFOPLIST_KEY_UISupportedInterfaceOrientations_iPhone = "UIInterfaceOrientationPortrait UIInterfaceOrientationLandscapeLeft UIInterfaceOrientationLandscapeRight";
				LD_RUNPATH_SEARCH_PATHS = (
					"$(inherited)",
					"@executable_path/Frameworks",
				);
				MARKETING_VERSION = 1.0;
				PRODUCT_BUNDLE_IDENTIFIER = com.otoufujohnny.PracticeLibraries;
				PRODUCT_NAME = "$(TARGET_NAME)";
				SWIFT_EMIT_LOC_STRINGS = YES;
				SWIFT_VERSION = 5.0;
				TARGETED_DEVICE_FAMILY = "1,2";
			};
			name = Debug;
		};
		1C48B6012754CAA3003842F5 /* Release */ = {
			isa = XCBuildConfiguration;
			baseConfigurationReference = 48358AF2572E3200C723C4F1 /* Pods-PracticeLibraries.release.xcconfig */;
			buildSettings = {
				ASSETCATALOG_COMPILER_APPICON_NAME = AppIcon;
				ASSETCATALOG_COMPILER_GLOBAL_ACCENT_COLOR_NAME = AccentColor;
				CODE_SIGN_STYLE = Automatic;
				CURRENT_PROJECT_VERSION = 1;
				DEVELOPMENT_TEAM = WY23RUM8JH;
				GENERATE_INFOPLIST_FILE = YES;
				INFOPLIST_FILE = PracticeLibraries/Info.plist;
				INFOPLIST_KEY_UIApplicationSupportsIndirectInputEvents = YES;
				INFOPLIST_KEY_UILaunchStoryboardName = LaunchScreen;
				INFOPLIST_KEY_UIMainStoryboardFile = Main;
				INFOPLIST_KEY_UISupportedInterfaceOrientations_iPad = "UIInterfaceOrientationPortrait UIInterfaceOrientationPortraitUpsideDown UIInterfaceOrientationLandscapeLeft UIInterfaceOrientationLandscapeRight";
				INFOPLIST_KEY_UISupportedInterfaceOrientations_iPhone = "UIInterfaceOrientationPortrait UIInterfaceOrientationLandscapeLeft UIInterfaceOrientationLandscapeRight";
				LD_RUNPATH_SEARCH_PATHS = (
					"$(inherited)",
					"@executable_path/Frameworks",
				);
				MARKETING_VERSION = 1.0;
				PRODUCT_BUNDLE_IDENTIFIER = com.otoufujohnny.PracticeLibraries;
				PRODUCT_NAME = "$(TARGET_NAME)";
				SWIFT_EMIT_LOC_STRINGS = YES;
				SWIFT_VERSION = 5.0;
				TARGETED_DEVICE_FAMILY = "1,2";
			};
			name = Release;
		};
/* End XCBuildConfiguration section */

/* Begin XCConfigurationList section */
		1C48B5E62754CAA0003842F5 /* Build configuration list for PBXProject "PracticeLibraries" */ = {
			isa = XCConfigurationList;
			buildConfigurations = (
				1C48B5FD2754CAA3003842F5 /* Debug */,
				1C48B5FE2754CAA3003842F5 /* Release */,
			);
			defaultConfigurationIsVisible = 0;
			defaultConfigurationName = Release;
		};
		1C48B5FF2754CAA3003842F5 /* Build configuration list for PBXNativeTarget "PracticeLibraries" */ = {
			isa = XCConfigurationList;
			buildConfigurations = (
				1C48B6002754CAA3003842F5 /* Debug */,
				1C48B6012754CAA3003842F5 /* Release */,
			);
			defaultConfigurationIsVisible = 0;
			defaultConfigurationName = Release;
		};
/* End XCConfigurationList section */

/* Begin XCRemoteSwiftPackageReference section */
		1C67A3102760A8EE00C0AC6C /* XCRemoteSwiftPackageReference "SnapKit" */ = {
			isa = XCRemoteSwiftPackageReference;
			repositoryURL = "https://github.com/SnapKit/SnapKit";
			requirement = {
				branch = develop;
				kind = branch;
			};
		};
/* End XCRemoteSwiftPackageReference section */

/* Begin XCSwiftPackageProductDependency section */
		1C67A3112760A8EE00C0AC6C /* SnapKit */ = {
			isa = XCSwiftPackageProductDependency;
			package = 1C67A3102760A8EE00C0AC6C /* XCRemoteSwiftPackageReference "SnapKit" */;
			productName = SnapKit;
		};
/* End XCSwiftPackageProductDependency section */
	};
	rootObject = 1C48B5E32754CAA0003842F5 /* Project object */;
}
